
Microsoft Visual Studio Solution File, Format Version 12.00
# Visual Studio Version 17
VisualStudioVersion = 17.0.31919.166
MinimumVisualStudioVersion = 10.0.40219.1
Project("{FAE04EC0-301F-11D3-BF4B-00C04F79EFBC}") = "surena exercize8", "surena exercize8\surena exercize8.csproj", "{B57DDADD-4C85-4AB9-B46C-DAD3D7203620}"
EndProject
Global
	GlobalSection(SolutionConfigurationPlatforms) = preSolution
		Debug|Any CPU = Debug|Any CPU
		Release|Any CPU = Release|Any CPU
	EndGlobalSection
	GlobalSection(ProjectConfigurationPlatforms) = postSolution
		{B57DDADD-4C85-4AB9-B46C-DAD3D7203620}.Debug|Any CPU.ActiveCfg = Debug|Any CPU
		{B57DDADD-4C85-4AB9-B46C-DAD3D7203620}.Debug|Any CPU.Build.0 = Debug|Any CPU
		{B57DDADD-4C85-4AB9-B46C-DAD3D7203620}.Release|Any CPU.ActiveCfg = Release|Any CPU
		{B57DDADD-4C85-4AB9-B46C-DAD3D7203620}.Release|Any CPU.Build.0 = Release|Any CPU
	EndGlobalSection
	GlobalSection(SolutionProperties) = preSolution
		HideSolutionNode = FALSE
	EndGlobalSection
	GlobalSection(ExtensibilityGlobals) = postSolution
		SolutionGuid = {C8DD3DE2-12FE-4194-9EDB-611D1A36841A}
	EndGlobalSection
EndGlobal
